schema: '2.0'
stages:
  data_extraction:
    cmd: python3 src/data/extract_data.py
    deps:
    - path: src/data/extract_data.py
      hash: md5
      md5: 552cfbe51245a5990e3e0839bd80f5a8
      size: 3568
    outs:
    - path: data/raw
      hash: md5
      md5: 3c985e2362b8da3a45a3bbfce9c7cfe0.dir
      size: 47870
      nfiles: 3
