schema: '2.0'
stages:
  data_extraction:
    cmd: python3 src/data/extract_data.py
    deps:
    - path: src/data/extract_data.py
      hash: md5
      md5: 552cfbe51245a5990e3e0839bd80f5a8
      size: 3568
    outs:
    - path: data/raw
      hash: md5
      md5: 3c985e2362b8da3a45a3bbfce9c7cfe0.dir
      size: 47870
      nfiles: 3
  processed-data:
    cmd: python3 src/data/transform_data.py
    deps:
    - path: data/raw/test.parquet
      hash: md5
      md5: 313a1f25a548680a562ca5f7688b0df2
      size: 9357
    - path: data/raw/train.parquet
      hash: md5
      md5: 0f783d3f78c7168d5ed90141e2476bc9
      size: 15223
    - path: src/data/transform_data.py
      hash: md5
      md5: 01b8c8f3d746177f6ad7a93aacfeb625
      size: 2503
    outs:
    - path: data/processed-data
      hash: md5
      md5: 08db9ed2242bb8f75dfb8ed581de75e8.dir
      size: 24646
      nfiles: 2
  train_model:
    cmd: python3 src/models/train_model.py
    deps:
    - path: data/processed-data/test.parquet
      hash: md5
      md5: 590b1cd27cfe10c4a0097bd206ea22e8
      size: 9399
    - path: data/processed-data/train.parquet
      hash: md5
      md5: 6e21d18782e2c4fed3b914261cdb7068
      size: 15247
    - path: src/models/train_model.py
      hash: md5
      md5: 1434dcd275023c168b0cbed1629a5f80
      size: 4879
    outs:
    - path: models/bosque_aleatorio.pkl
      hash: md5
      md5: a1467080086852cd14ceaf9d9185473a
      size: 902625
